
Microsoft Visual Studio Solution File, Format Version 12.00
# Visual Studio Version 17
VisualStudioVersion = 17.7.34018.315
MinimumVisualStudioVersion = 10.0.40219.1
Project("{9A19103F-16F7-4668-BE54-9A1E7A4F7556}") = "ToDoListApi", "ToDoListApi\ToDoListApi.csproj", "{AD35FFC5-A6DF-4B91-9385-C011CF7618F4}"
EndProject
Project("{FAE04EC0-301F-11D3-BF4B-00C04F79EFBC}") = "ToDoListUI", "ToDoListUI\ToDoListUI.csproj", "{E7F1D633-1926-45B1-9704-E81F9F20D6F3}"
EndProject
Global
	GlobalSection(SolutionConfigurationPlatforms) = preSolution
		Debug|Any CPU = Debug|Any CPU
		Release|Any CPU = Release|Any CPU
	EndGlobalSection
	GlobalSection(ProjectConfigurationPlatforms) = postSolution
		{AD35FFC5-A6DF-4B91-9385-C011CF7618F4}.Debug|Any CPU.ActiveCfg = Debug|Any CPU
		{AD35FFC5-A6DF-4B91-9385-C011CF7618F4}.Debug|Any CPU.Build.0 = Debug|Any CPU
		{AD35FFC5-A6DF-4B91-9385-C011CF7618F4}.Release|Any CPU.ActiveCfg = Release|Any CPU
		{AD35FFC5-A6DF-4B91-9385-C011CF7618F4}.Release|Any CPU.Build.0 = Release|Any CPU
		{E7F1D633-1926-45B1-9704-E81F9F20D6F3}.Debug|Any CPU.ActiveCfg = Debug|Any CPU
		{E7F1D633-1926-45B1-9704-E81F9F20D6F3}.Debug|Any CPU.Build.0 = Debug|Any CPU
		{E7F1D633-1926-45B1-9704-E81F9F20D6F3}.Release|Any CPU.ActiveCfg = Release|Any CPU
		{E7F1D633-1926-45B1-9704-E81F9F20D6F3}.Release|Any CPU.Build.0 = Release|Any CPU
	EndGlobalSection
	GlobalSection(SolutionProperties) = preSolution
		HideSolutionNode = FALSE
	EndGlobalSection
	GlobalSection(ExtensibilityGlobals) = postSolution
		SolutionGuid = {B9D6C865-AD1F-4371-90D1-359428895F38}
	EndGlobalSection
EndGlobal
